// !$*UTF8*$!
{
	archiveVersion = 1;
	classes = {
	};
	objectVersion = 56;
	objects = {

/* Begin PBXBuildFile section */
		11AE210D2C018931008B10D4 /* AppDelegate.swift in Sources */ = {isa = PBXBuildFile; fileRef = 11AE210C2C018931008B10D4 /* AppDelegate.swift */; };
		11AE210F2C018931008B10D4 /* SceneDelegate.swift in Sources */ = {isa = PBXBuildFile; fileRef = 11AE210E2C018931008B10D4 /* SceneDelegate.swift */; };
		11AE21162C018932008B10D4 /* Assets.xcassets in Resources */ = {isa = PBXBuildFile; fileRef = 11AE21152C018932008B10D4 /* Assets.xcassets */; };
		11AE21192C018932008B10D4 /* LaunchScreen.storyboard in Resources */ = {isa = PBXBuildFile; fileRef = 11AE21172C018932008B10D4 /* LaunchScreen.storyboard */; };
		11AE21242C018933008B10D4 /* shopliveTests.swift in Sources */ = {isa = PBXBuildFile; fileRef = 11AE21232C018933008B10D4 /* shopliveTests.swift */; };
		11AE212E2C018933008B10D4 /* shopliveUITests.swift in Sources */ = {isa = PBXBuildFile; fileRef = 11AE212D2C018933008B10D4 /* shopliveUITests.swift */; };
		11AE21302C018933008B10D4 /* shopliveUITestsLaunchTests.swift in Sources */ = {isa = PBXBuildFile; fileRef = 11AE212F2C018933008B10D4 /* shopliveUITestsLaunchTests.swift */; };
		11AE213D2C018A30008B10D4 /* HomeTabBarController.swift in Sources */ = {isa = PBXBuildFile; fileRef = 11AE213C2C018A30008B10D4 /* HomeTabBarController.swift */; };
		11AE213F2C018A4F008B10D4 /* SearchCharactersViewController.swift in Sources */ = {isa = PBXBuildFile; fileRef = 11AE213E2C018A4F008B10D4 /* SearchCharactersViewController.swift */; };
		11AE21412C018A6E008B10D4 /* FavoriteCharactersViewController.swift in Sources */ = {isa = PBXBuildFile; fileRef = 11AE21402C018A6E008B10D4 /* FavoriteCharactersViewController.swift */; };
		11AE21442C018E0E008B10D4 /* SnapKit in Frameworks */ = {isa = PBXBuildFile; productRef = 11AE21432C018E0E008B10D4 /* SnapKit */; };
		11AE21492C01954A008B10D4 /* UICollectionViewCell+.swift in Sources */ = {isa = PBXBuildFile; fileRef = 11AE21482C01954A008B10D4 /* UICollectionViewCell+.swift */; };
		11AE214B2C019553008B10D4 /* UICollectionView+.swift in Sources */ = {isa = PBXBuildFile; fileRef = 11AE214A2C019553008B10D4 /* UICollectionView+.swift */; };
		11AE214D2C019558008B10D4 /* UIView+.swift in Sources */ = {isa = PBXBuildFile; fileRef = 11AE214C2C019558008B10D4 /* UIView+.swift */; };
/* End PBXBuildFile section */

/* Begin PBXContainerItemProxy section */
		11AE21202C018933008B10D4 /* PBXContainerItemProxy */ = {
			isa = PBXContainerItemProxy;
			containerPortal = 11AE21012C018931008B10D4 /* Project object */;
			proxyType = 1;
			remoteGlobalIDString = 11AE21082C018931008B10D4;
			remoteInfo = shoplive;
		};
		11AE212A2C018933008B10D4 /* PBXContainerItemProxy */ = {
			isa = PBXContainerItemProxy;
			containerPortal = 11AE21012C018931008B10D4 /* Project object */;
			proxyType = 1;
			remoteGlobalIDString = 11AE21082C018931008B10D4;
			remoteInfo = shoplive;
		};
/* End PBXContainerItemProxy section */

/* Begin PBXFileReference section */
		11AE21092C018931008B10D4 /* shoplive.app */ = {isa = PBXFileReference; explicitFileType = wrapper.application; includeInIndex = 0; path = shoplive.app; sourceTree = BUILT_PRODUCTS_DIR; };
		11AE210C2C018931008B10D4 /* AppDelegate.swift */ = {isa = PBXFileReference; lastKnownFileType = sourcecode.swift; path = AppDelegate.swift; sourceTree = "<group>"; };
		11AE210E2C018931008B10D4 /* SceneDelegate.swift */ = {isa = PBXFileReference; lastKnownFileType = sourcecode.swift; path = SceneDelegate.swift; sourceTree = "<group>"; };
		11AE21152C018932008B10D4 /* Assets.xcassets */ = {isa = PBXFileReference; lastKnownFileType = folder.assetcatalog; path = Assets.xcassets; sourceTree = "<group>"; };
		11AE21182C018932008B10D4 /* Base */ = {isa = PBXFileReference; lastKnownFileType = file.storyboard; name = Base; path = Base.lproj/LaunchScreen.storyboard; sourceTree = "<group>"; };
		11AE211A2C018932008B10D4 /* Info.plist */ = {isa = PBXFileReference; lastKnownFileType = text.plist.xml; path = Info.plist; sourceTree = "<group>"; };
		11AE211F2C018933008B10D4 /* shopliveTests.xctest */ = {isa = PBXFileReference; explicitFileType = wrapper.cfbundle; includeInIndex = 0; path = shopliveTests.xctest; sourceTree = BUILT_PRODUCTS_DIR; };
		11AE21232C018933008B10D4 /* shopliveTests.swift */ = {isa = PBXFileReference; lastKnownFileType = sourcecode.swift; path = shopliveTests.swift; sourceTree = "<group>"; };
		11AE21292C018933008B10D4 /* shopliveUITests.xctest */ = {isa = PBXFileReference; explicitFileType = wrapper.cfbundle; includeInIndex = 0; path = shopliveUITests.xctest; sourceTree = BUILT_PRODUCTS_DIR; };
		11AE212D2C018933008B10D4 /* shopliveUITests.swift */ = {isa = PBXFileReference; lastKnownFileType = sourcecode.swift; path = shopliveUITests.swift; sourceTree = "<group>"; };
		11AE212F2C018933008B10D4 /* shopliveUITestsLaunchTests.swift */ = {isa = PBXFileReference; lastKnownFileType = sourcecode.swift; path = shopliveUITestsLaunchTests.swift; sourceTree = "<group>"; };
		11AE213C2C018A30008B10D4 /* HomeTabBarController.swift */ = {isa = PBXFileReference; lastKnownFileType = sourcecode.swift; path = HomeTabBarController.swift; sourceTree = "<group>"; };
		11AE213E2C018A4F008B10D4 /* SearchCharactersViewController.swift */ = {isa = PBXFileReference; lastKnownFileType = sourcecode.swift; path = SearchCharactersViewController.swift; sourceTree = "<group>"; };
		11AE21402C018A6E008B10D4 /* FavoriteCharactersViewController.swift */ = {isa = PBXFileReference; lastKnownFileType = sourcecode.swift; path = FavoriteCharactersViewController.swift; sourceTree = "<group>"; };
		11AE21482C01954A008B10D4 /* UICollectionViewCell+.swift */ = {isa = PBXFileReference; lastKnownFileType = sourcecode.swift; path = "UICollectionViewCell+.swift"; sourceTree = "<group>"; };
		11AE214A2C019553008B10D4 /* UICollectionView+.swift */ = {isa = PBXFileReference; lastKnownFileType = sourcecode.swift; path = "UICollectionView+.swift"; sourceTree = "<group>"; };
		11AE214C2C019558008B10D4 /* UIView+.swift */ = {isa = PBXFileReference; lastKnownFileType = sourcecode.swift; path = "UIView+.swift"; sourceTree = "<group>"; };
/* End PBXFileReference section */

/* Begin PBXFrameworksBuildPhase section */
		11AE21062C018931008B10D4 /* Frameworks */ = {
			isa = PBXFrameworksBuildPhase;
			buildActionMask = 2147483647;
			files = (
				11AE21442C018E0E008B10D4 /* SnapKit in Frameworks */,
			);
			runOnlyForDeploymentPostprocessing = 0;
		};
		11AE211C2C018933008B10D4 /* Frameworks */ = {
			isa = PBXFrameworksBuildPhase;
			buildActionMask = 2147483647;
			files = (
			);
			runOnlyForDeploymentPostprocessing = 0;
		};
		11AE21262C018933008B10D4 /* Frameworks */ = {
			isa = PBXFrameworksBuildPhase;
			buildActionMask = 2147483647;
			files = (
			);
			runOnlyForDeploymentPostprocessing = 0;
		};
/* End PBXFrameworksBuildPhase section */

/* Begin PBXGroup section */
		11AE21002C018931008B10D4 = {
			isa = PBXGroup;
			children = (
				11AE210B2C018931008B10D4 /* shoplive */,
				11AE21222C018933008B10D4 /* shopliveTests */,
				11AE212C2C018933008B10D4 /* shopliveUITests */,
				11AE210A2C018931008B10D4 /* Products */,
			);
			sourceTree = "<group>";
		};
		11AE210A2C018931008B10D4 /* Products */ = {
			isa = PBXGroup;
			children = (
				11AE21092C018931008B10D4 /* shoplive.app */,
				11AE211F2C018933008B10D4 /* shopliveTests.xctest */,
				11AE21292C018933008B10D4 /* shopliveUITests.xctest */,
			);
			name = Products;
			sourceTree = "<group>";
		};
		11AE210B2C018931008B10D4 /* shoplive */ = {
			isa = PBXGroup;
			children = (
				11AE21452C019538008B10D4 /* Extensions */,
				11AE210C2C018931008B10D4 /* AppDelegate.swift */,
				11AE210E2C018931008B10D4 /* SceneDelegate.swift */,
				11AE21152C018932008B10D4 /* Assets.xcassets */,
				11AE21172C018932008B10D4 /* LaunchScreen.storyboard */,
				11AE211A2C018932008B10D4 /* Info.plist */,
				11AE213C2C018A30008B10D4 /* HomeTabBarController.swift */,
				11AE213E2C018A4F008B10D4 /* SearchCharactersViewController.swift */,
				11AE21402C018A6E008B10D4 /* FavoriteCharactersViewController.swift */,
			);
			path = shoplive;
			sourceTree = "<group>";
		};
		11AE21222C018933008B10D4 /* shopliveTests */ = {
			isa = PBXGroup;
			children = (
				11AE21232C018933008B10D4 /* shopliveTests.swift */,
			);
			path = shopliveTests;
			sourceTree = "<group>";
		};
		11AE212C2C018933008B10D4 /* shopliveUITests */ = {
			isa = PBXGroup;
			children = (
				11AE212D2C018933008B10D4 /* shopliveUITests.swift */,
				11AE212F2C018933008B10D4 /* shopliveUITestsLaunchTests.swift */,
			);
			path = shopliveUITests;
			sourceTree = "<group>";
		};
		11AE21452C019538008B10D4 /* Extensions */ = {
			isa = PBXGroup;
			children = (
				11AE21482C01954A008B10D4 /* UICollectionViewCell+.swift */,
				11AE214A2C019553008B10D4 /* UICollectionView+.swift */,
				11AE214C2C019558008B10D4 /* UIView+.swift */,
			);
			path = Extensions;
			sourceTree = "<group>";
		};
/* End PBXGroup section */

/* Begin PBXNativeTarget section */
		11AE21082C018931008B10D4 /* shoplive */ = {
			isa = PBXNativeTarget;
			buildConfigurationList = 11AE21332C018933008B10D4 /* Build configuration list for PBXNativeTarget "shoplive" */;
			buildPhases = (
				11AE21052C018931008B10D4 /* Sources */,
				11AE21062C018931008B10D4 /* Frameworks */,
				11AE21072C018931008B10D4 /* Resources */,
			);
			buildRules = (
			);
			dependencies = (
			);
			name = shoplive;
			packageProductDependencies = (
				11AE21432C018E0E008B10D4 /* SnapKit */,
			);
			productName = shoplive;
			productReference = 11AE21092C018931008B10D4 /* shoplive.app */;
			productType = "com.apple.product-type.application";
		};
		11AE211E2C018933008B10D4 /* shopliveTests */ = {
			isa = PBXNativeTarget;
			buildConfigurationList = 11AE21362C018933008B10D4 /* Build configuration list for PBXNativeTarget "shopliveTests" */;
			buildPhases = (
				11AE211B2C018933008B10D4 /* Sources */,
				11AE211C2C018933008B10D4 /* Frameworks */,
				11AE211D2C018933008B10D4 /* Resources */,
			);
			buildRules = (
			);
			dependencies = (
				11AE21212C018933008B10D4 /* PBXTargetDependency */,
			);
			name = shopliveTests;
			productName = shopliveTests;
			productReference = 11AE211F2C018933008B10D4 /* shopliveTests.xctest */;
			productType = "com.apple.product-type.bundle.unit-test";
		};
		11AE21282C018933008B10D4 /* shopliveUITests */ = {
			isa = PBXNativeTarget;
			buildConfigurationList = 11AE21392C018933008B10D4 /* Build configuration list for PBXNativeTarget "shopliveUITests" */;
			buildPhases = (
				11AE21252C018933008B10D4 /* Sources */,
				11AE21262C018933008B10D4 /* Frameworks */,
				11AE21272C018933008B10D4 /* Resources */,
			);
			buildRules = (
			);
			dependencies = (
				11AE212B2C018933008B10D4 /* PBXTargetDependency */,
			);
			name = shopliveUITests;
			productName = shopliveUITests;
			productReference = 11AE21292C018933008B10D4 /* shopliveUITests.xctest */;
			productType = "com.apple.product-type.bundle.ui-testing";
		};
/* End PBXNativeTarget section */

/* Begin PBXProject section */
		11AE21012C018931008B10D4 /* Project object */ = {
			isa = PBXProject;
			attributes = {
				BuildIndependentTargetsInParallel = 1;
				LastSwiftUpdateCheck = 1520;
				LastUpgradeCheck = 1520;
				TargetAttributes = {
					11AE21082C018931008B10D4 = {
						CreatedOnToolsVersion = 15.2;
					};
					11AE211E2C018933008B10D4 = {
						CreatedOnToolsVersion = 15.2;
						TestTargetID = 11AE21082C018931008B10D4;
					};
					11AE21282C018933008B10D4 = {
						CreatedOnToolsVersion = 15.2;
						TestTargetID = 11AE21082C018931008B10D4;
					};
				};
			};
			buildConfigurationList = 11AE21042C018931008B10D4 /* Build configuration list for PBXProject "shoplive" */;
			compatibilityVersion = "Xcode 14.0";
			developmentRegion = en;
			hasScannedForEncodings = 0;
			knownRegions = (
				en,
				Base,
			);
			mainGroup = 11AE21002C018931008B10D4;
			packageReferences = (
				11AE21422C018E0E008B10D4 /* XCRemoteSwiftPackageReference "SnapKit" */,
			);
			productRefGroup = 11AE210A2C018931008B10D4 /* Products */;
			projectDirPath = "";
			projectRoot = "";
			targets = (
				11AE21082C018931008B10D4 /* shoplive */,
				11AE211E2C018933008B10D4 /* shopliveTests */,
				11AE21282C018933008B10D4 /* shopliveUITests */,
			);
		};
/* End PBXProject section */

/* Begin PBXResourcesBuildPhase section */
		11AE21072C018931008B10D4 /* Resources */ = {
			isa = PBXResourcesBuildPhase;
			buildActionMask = 2147483647;
			files = (
				11AE21192C018932008B10D4 /* LaunchScreen.storyboard in Resources */,
				11AE21162C018932008B10D4 /* Assets.xcassets in Resources */,
			);
			runOnlyForDeploymentPostprocessing = 0;
		};
		11AE211D2C018933008B10D4 /* Resources */ = {
			isa = PBXResourcesBuildPhase;
			buildActionMask = 2147483647;
			files = (
			);
			runOnlyForDeploymentPostprocessing = 0;
		};
		11AE21272C018933008B10D4 /* Resources */ = {
			isa = PBXResourcesBuildPhase;
			buildActionMask = 2147483647;
			files = (
			);
			runOnlyForDeploymentPostprocessing = 0;
		};
/* End PBXResourcesBuildPhase section */

/* Begin PBXSourcesBuildPhase section */
		11AE21052C018931008B10D4 /* Sources */ = {
			isa = PBXSourcesBuildPhase;
			buildActionMask = 2147483647;
			files = (
				11AE210D2C018931008B10D4 /* AppDelegate.swift in Sources */,
				11AE21492C01954A008B10D4 /* UICollectionViewCell+.swift in Sources */,
				11AE214B2C019553008B10D4 /* UICollectionView+.swift in Sources */,
				11AE213D2C018A30008B10D4 /* HomeTabBarController.swift in Sources */,
				11AE210F2C018931008B10D4 /* SceneDelegate.swift in Sources */,
				11AE214D2C019558008B10D4 /* UIView+.swift in Sources */,
				11AE21412C018A6E008B10D4 /* FavoriteCharactersViewController.swift in Sources */,
				11AE213F2C018A4F008B10D4 /* SearchCharactersViewController.swift in Sources */,
			);
			runOnlyForDeploymentPostprocessing = 0;
		};
		11AE211B2C018933008B10D4 /* Sources */ = {
			isa = PBXSourcesBuildPhase;
			buildActionMask = 2147483647;
			files = (
				11AE21242C018933008B10D4 /* shopliveTests.swift in Sources */,
			);
			runOnlyForDeploymentPostprocessing = 0;
		};
		11AE21252C018933008B10D4 /* Sources */ = {
			isa = PBXSourcesBuildPhase;
			buildActionMask = 2147483647;
			files = (
				11AE21302C018933008B10D4 /* shopliveUITestsLaunchTests.swift in Sources */,
				11AE212E2C018933008B10D4 /* shopliveUITests.swift in Sources */,
			);
			runOnlyForDeploymentPostprocessing = 0;
		};
/* End PBXSourcesBuildPhase section */

/* Begin PBXTargetDependency section */
		11AE21212C018933008B10D4 /* PBXTargetDependency */ = {
			isa = PBXTargetDependency;
			target = 11AE21082C018931008B10D4 /* shoplive */;
			targetProxy = 11AE21202C018933008B10D4 /* PBXContainerItemProxy */;
		};
		11AE212B2C018933008B10D4 /* PBXTargetDependency */ = {
			isa = PBXTargetDependency;
			target = 11AE21082C018931008B10D4 /* shoplive */;
			targetProxy = 11AE212A2C018933008B10D4 /* PBXContainerItemProxy */;
		};
/* End PBXTargetDependency section */

/* Begin PBXVariantGroup section */
		11AE21172C018932008B10D4 /* LaunchScreen.storyboard */ = {
			isa = PBXVariantGroup;
			children = (
				11AE21182C018932008B10D4 /* Base */,
			);
			name = LaunchScreen.storyboard;
			sourceTree = "<group>";
		};
/* End PBXVariantGroup section */

/* Begin XCBuildConfiguration section */
		11AE21312C018933008B10D4 /* Debug */ = {
			isa = XCBuildConfiguration;
			buildSettings = {
				ALWAYS_SEARCH_USER_PATHS = NO;
				ASSETCATALOG_COMPILER_GENERATE_SWIFT_ASSET_SYMBOL_EXTENSIONS = YES;
				CLANG_ANALYZER_NONNULL = YES;
				CLANG_ANALYZER_NUMBER_OBJECT_CONVERSION = YES_AGGRESSIVE;
				CLANG_CXX_LANGUAGE_STANDARD = "gnu++20";
				CLANG_ENABLE_MODULES = YES;
				CLANG_ENABLE_OBJC_ARC = YES;
				CLANG_ENABLE_OBJC_WEAK = YES;
				CLANG_WARN_BLOCK_CAPTURE_AUTORELEASING = YES;
				CLANG_WARN_BOOL_CONVERSION = YES;
				CLANG_WARN_COMMA = YES;
				CLANG_WARN_CONSTANT_CONVERSION = YES;
				CLANG_WARN_DEPRECATED_OBJC_IMPLEMENTATIONS = YES;
				CLANG_WARN_DIRECT_OBJC_ISA_USAGE = YES_ERROR;
				CLANG_WARN_DOCUMENTATION_COMMENTS = YES;
				CLANG_WARN_EMPTY_BODY = YES;
				CLANG_WARN_ENUM_CONVERSION = YES;
				CLANG_WARN_INFINITE_RECURSION = YES;
				CLANG_WARN_INT_CONVERSION = YES;
				CLANG_WARN_NON_LITERAL_NULL_CONVERSION = YES;
				CLANG_WARN_OBJC_IMPLICIT_RETAIN_SELF = YES;
				CLANG_WARN_OBJC_LITERAL_CONVERSION = YES;
				CLANG_WARN_OBJC_ROOT_CLASS = YES_ERROR;
				CLANG_WARN_QUOTED_INCLUDE_IN_FRAMEWORK_HEADER = YES;
				CLANG_WARN_RANGE_LOOP_ANALYSIS = YES;
				CLANG_WARN_STRICT_PROTOTYPES = YES;
				CLANG_WARN_SUSPICIOUS_MOVE = YES;
				CLANG_WARN_UNGUARDED_AVAILABILITY = YES_AGGRESSIVE;
				CLANG_WARN_UNREACHABLE_CODE = YES;
				CLANG_WARN__DUPLICATE_METHOD_MATCH = YES;
				COPY_PHASE_STRIP = NO;
				DEBUG_INFORMATION_FORMAT = dwarf;
				ENABLE_STRICT_OBJC_MSGSEND = YES;
				ENABLE_TESTABILITY = YES;
				ENABLE_USER_SCRIPT_SANDBOXING = YES;
				GCC_C_LANGUAGE_STANDARD = gnu17;
				GCC_DYNAMIC_NO_PIC = NO;
				GCC_NO_COMMON_BLOCKS = YES;
				GCC_OPTIMIZATION_LEVEL = 0;
				GCC_PREPROCESSOR_DEFINITIONS = (
					"DEBUG=1",
					"$(inherited)",
				);
				GCC_WARN_64_TO_32_BIT_CONVERSION = YES;
				GCC_WARN_ABOUT_RETURN_TYPE = YES_ERROR;
				GCC_WARN_UNDECLARED_SELECTOR = YES;
				GCC_WARN_UNINITIALIZED_AUTOS = YES_AGGRESSIVE;
				GCC_WARN_UNUSED_FUNCTION = YES;
				GCC_WARN_UNUSED_VARIABLE = YES;
				IPHONEOS_DEPLOYMENT_TARGET = 13.0;
				LOCALIZATION_PREFERS_STRING_CATALOGS = YES;
				MTL_ENABLE_DEBUG_INFO = INCLUDE_SOURCE;
				MTL_FAST_MATH = YES;
				ONLY_ACTIVE_ARCH = YES;
				SDKROOT = iphoneos;
				SWIFT_ACTIVE_COMPILATION_CONDITIONS = "DEBUG $(inherited)";
				SWIFT_OPTIMIZATION_LEVEL = "-Onone";
			};
			name = Debug;
		};
		11AE21322C018933008B10D4 /* Release */ = {
			isa = XCBuildConfiguration;
			buildSettings = {
				ALWAYS_SEARCH_USER_PATHS = NO;
				ASSETCATALOG_COMPILER_GENERATE_SWIFT_ASSET_SYMBOL_EXTENSIONS = YES;
				CLANG_ANALYZER_NONNULL = YES;
				CLANG_ANALYZER_NUMBER_OBJECT_CONVERSION = YES_AGGRESSIVE;
				CLANG_CXX_LANGUAGE_STANDARD = "gnu++20";
				CLANG_ENABLE_MODULES = YES;
				CLANG_ENABLE_OBJC_ARC = YES;
				CLANG_ENABLE_OBJC_WEAK = YES;
				CLANG_WARN_BLOCK_CAPTURE_AUTORELEASING = YES;
				CLANG_WARN_BOOL_CONVERSION = YES;
				CLANG_WARN_COMMA = YES;
				CLANG_WARN_CONSTANT_CONVERSION = YES;
				CLANG_WARN_DEPRECATED_OBJC_IMPLEMENTATIONS = YES;
				CLANG_WARN_DIRECT_OBJC_ISA_USAGE = YES_ERROR;
				CLANG_WARN_DOCUMENTATION_COMMENTS = YES;
				CLANG_WARN_EMPTY_BODY = YES;
				CLANG_WARN_ENUM_CONVERSION = YES;
				CLANG_WARN_INFINITE_RECURSION = YES;
				CLANG_WARN_INT_CONVERSION = YES;
				CLANG_WARN_NON_LITERAL_NULL_CONVERSION = YES;
				CLANG_WARN_OBJC_IMPLICIT_RETAIN_SELF = YES;
				CLANG_WARN_OBJC_LITERAL_CONVERSION = YES;
				CLANG_WARN_OBJC_ROOT_CLASS = YES_ERROR;
				CLANG_WARN_QUOTED_INCLUDE_IN_FRAMEWORK_HEADER = YES;
				CLANG_WARN_RANGE_LOOP_ANALYSIS = YES;
				CLANG_WARN_STRICT_PROTOTYPES = YES;
				CLANG_WARN_SUSPICIOUS_MOVE = YES;
				CLANG_WARN_UNGUARDED_AVAILABILITY = YES_AGGRESSIVE;
				CLANG_WARN_UNREACHABLE_CODE = YES;
				CLANG_WARN__DUPLICATE_METHOD_MATCH = YES;
				COPY_PHASE_STRIP = NO;
				DEBUG_INFORMATION_FORMAT = "dwarf-with-dsym";
				ENABLE_NS_ASSERTIONS = NO;
				ENABLE_STRICT_OBJC_MSGSEND = YES;
				ENABLE_USER_SCRIPT_SANDBOXING = YES;
				GCC_C_LANGUAGE_STANDARD = gnu17;
				GCC_NO_COMMON_BLOCKS = YES;
				GCC_WARN_64_TO_32_BIT_CONVERSION = YES;
				GCC_WARN_ABOUT_RETURN_TYPE = YES_ERROR;
				GCC_WARN_UNDECLARED_SELECTOR = YES;
				GCC_WARN_UNINITIALIZED_AUTOS = YES_AGGRESSIVE;
				GCC_WARN_UNUSED_FUNCTION = YES;
				GCC_WARN_UNUSED_VARIABLE = YES;
				IPHONEOS_DEPLOYMENT_TARGET = 13.0;
				LOCALIZATION_PREFERS_STRING_CATALOGS = YES;
				MTL_ENABLE_DEBUG_INFO = NO;
				MTL_FAST_MATH = YES;
				SDKROOT = iphoneos;
				SWIFT_COMPILATION_MODE = wholemodule;
				VALIDATE_PRODUCT = YES;
			};
			name = Release;
		};
		11AE21342C018933008B10D4 /* Debug */ = {
			isa = XCBuildConfiguration;
			buildSettings = {
				ASSETCATALOG_COMPILER_APPICON_NAME = AppIcon;
				ASSETCATALOG_COMPILER_GLOBAL_ACCENT_COLOR_NAME = AccentColor;
				CODE_SIGN_STYLE = Automatic;
				CURRENT_PROJECT_VERSION = 1;
				DEVELOPMENT_TEAM = 3K6R8VY7W5;
				GENERATE_INFOPLIST_FILE = YES;
				INFOPLIST_FILE = shoplive/Info.plist;
				INFOPLIST_KEY_UIApplicationSupportsIndirectInputEvents = YES;
				INFOPLIST_KEY_UILaunchStoryboardName = LaunchScreen;
				INFOPLIST_KEY_UISupportedInterfaceOrientations_iPad = "UIInterfaceOrientationPortrait UIInterfaceOrientationPortraitUpsideDown UIInterfaceOrientationLandscapeLeft UIInterfaceOrientationLandscapeRight";
				INFOPLIST_KEY_UISupportedInterfaceOrientations_iPhone = "UIInterfaceOrientationPortrait UIInterfaceOrientationLandscapeLeft UIInterfaceOrientationLandscapeRight";
				IPHONEOS_DEPLOYMENT_TARGET = 13.0;
				LD_RUNPATH_SEARCH_PATHS = (
					"$(inherited)",
					"@executable_path/Frameworks",
				);
				MARKETING_VERSION = 1.0;
				PRODUCT_BUNDLE_IDENTIFIER = io.hyukggun.shoplive;
				PRODUCT_NAME = "$(TARGET_NAME)";
				SWIFT_EMIT_LOC_STRINGS = YES;
				SWIFT_VERSION = 5.0;
				TARGETED_DEVICE_FAMILY = "1,2";
			};
			name = Debug;
		};
		11AE21352C018933008B10D4 /* Release */ = {
			isa = XCBuildConfiguration;
			buildSettings = {
				ASSETCATALOG_COMPILER_APPICON_NAME = AppIcon;
				ASSETCATALOG_COMPILER_GLOBAL_ACCENT_COLOR_NAME = AccentColor;
				CODE_SIGN_STYLE = Automatic;
				CURRENT_PROJECT_VERSION = 1;
				DEVELOPMENT_TEAM = 3K6R8VY7W5;
				GENERATE_INFOPLIST_FILE = YES;
				INFOPLIST_FILE = shoplive/Info.plist;
				INFOPLIST_KEY_UIApplicationSupportsIndirectInputEvents = YES;
				INFOPLIST_KEY_UILaunchStoryboardName = LaunchScreen;
				INFOPLIST_KEY_UISupportedInterfaceOrientations_iPad = "UIInterfaceOrientationPortrait UIInterfaceOrientationPortraitUpsideDown UIInterfaceOrientationLandscapeLeft UIInterfaceOrientationLandscapeRight";
				INFOPLIST_KEY_UISupportedInterfaceOrientations_iPhone = "UIInterfaceOrientationPortrait UIInterfaceOrientationLandscapeLeft UIInterfaceOrientationLandscapeRight";
				IPHONEOS_DEPLOYMENT_TARGET = 13.0;
				LD_RUNPATH_SEARCH_PATHS = (
					"$(inherited)",
					"@executable_path/Frameworks",
				);
				MARKETING_VERSION = 1.0;
				PRODUCT_BUNDLE_IDENTIFIER = io.hyukggun.shoplive;
				PRODUCT_NAME = "$(TARGET_NAME)";
				SWIFT_EMIT_LOC_STRINGS = YES;
				SWIFT_VERSION = 5.0;
				TARGETED_DEVICE_FAMILY = "1,2";
			};
			name = Release;
		};
		11AE21372C018933008B10D4 /* Debug */ = {
			isa = XCBuildConfiguration;
			buildSettings = {
				ALWAYS_EMBED_SWIFT_STANDARD_LIBRARIES = YES;
				BUNDLE_LOADER = "$(TEST_HOST)";
				CODE_SIGN_STYLE = Automatic;
				CURRENT_PROJECT_VERSION = 1;
				DEVELOPMENT_TEAM = 3K6R8VY7W5;
				GENERATE_INFOPLIST_FILE = YES;
				IPHONEOS_DEPLOYMENT_TARGET = 17.2;
				MARKETING_VERSION = 1.0;
				PRODUCT_BUNDLE_IDENTIFIER = io.hyukggun.shopliveTests;
				PRODUCT_NAME = "$(TARGET_NAME)";
				SWIFT_EMIT_LOC_STRINGS = NO;
				SWIFT_VERSION = 5.0;
				TARGETED_DEVICE_FAMILY = "1,2";
				TEST_HOST = "$(BUILT_PRODUCTS_DIR)/shoplive.app/$(BUNDLE_EXECUTABLE_FOLDER_PATH)/shoplive";
			};
			name = Debug;
		};
		11AE21382C018933008B10D4 /* Release */ = {
			isa = XCBuildConfiguration;
			buildSettings = {
				ALWAYS_EMBED_SWIFT_STANDARD_LIBRARIES = YES;
				BUNDLE_LOADER = "$(TEST_HOST)";
				CODE_SIGN_STYLE = Automatic;
				CURRENT_PROJECT_VERSION = 1;
				DEVELOPMENT_TEAM = 3K6R8VY7W5;
				GENERATE_INFOPLIST_FILE = YES;
				IPHONEOS_DEPLOYMENT_TARGET = 17.2;
				MARKETING_VERSION = 1.0;
				PRODUCT_BUNDLE_IDENTIFIER = io.hyukggun.shopliveTests;
				PRODUCT_NAME = "$(TARGET_NAME)";
				SWIFT_EMIT_LOC_STRINGS = NO;
				SWIFT_VERSION = 5.0;
				TARGETED_DEVICE_FAMILY = "1,2";
				TEST_HOST = "$(BUILT_PRODUCTS_DIR)/shoplive.app/$(BUNDLE_EXECUTABLE_FOLDER_PATH)/shoplive";
			};
			name = Release;
		};
		11AE213A2C018933008B10D4 /* Debug */ = {
			isa = XCBuildConfiguration;
			buildSettings = {
				ALWAYS_EMBED_SWIFT_STANDARD_LIBRARIES = YES;
				CODE_SIGN_STYLE = Automatic;
				CURRENT_PROJECT_VERSION = 1;
				DEVELOPMENT_TEAM = 3K6R8VY7W5;
				GENERATE_INFOPLIST_FILE = YES;
				MARKETING_VERSION = 1.0;
				PRODUCT_BUNDLE_IDENTIFIER = io.hyukggun.shopliveUITests;
				PRODUCT_NAME = "$(TARGET_NAME)";
				SWIFT_EMIT_LOC_STRINGS = NO;
				SWIFT_VERSION = 5.0;
				TARGETED_DEVICE_FAMILY = "1,2";
				TEST_TARGET_NAME = shoplive;
			};
			name = Debug;
		};
		11AE213B2C018933008B10D4 /* Release */ = {
			isa = XCBuildConfiguration;
			buildSettings = {
				ALWAYS_EMBED_SWIFT_STANDARD_LIBRARIES = YES;
				CODE_SIGN_STYLE = Automatic;
				CURRENT_PROJECT_VERSION = 1;
				DEVELOPMENT_TEAM = 3K6R8VY7W5;
				GENERATE_INFOPLIST_FILE = YES;
				MARKETING_VERSION = 1.0;
				PRODUCT_BUNDLE_IDENTIFIER = io.hyukggun.shopliveUITests;
				PRODUCT_NAME = "$(TARGET_NAME)";
				SWIFT_EMIT_LOC_STRINGS = NO;
				SWIFT_VERSION = 5.0;
				TARGETED_DEVICE_FAMILY = "1,2";
				TEST_TARGET_NAME = shoplive;
			};
			name = Release;
		};
/* End XCBuildConfiguration section */

/* Begin XCConfigurationList section */
		11AE21042C018931008B10D4 /* Build configuration list for PBXProject "shoplive" */ = {
			isa = XCConfigurationList;
			buildConfigurations = (
				11AE21312C018933008B10D4 /* Debug */,
				11AE21322C018933008B10D4 /* Release */,
			);
			defaultConfigurationIsVisible = 0;
			defaultConfigurationName = Release;
		};
		11AE21332C018933008B10D4 /* Build configuration list for PBXNativeTarget "shoplive" */ = {
			isa = XCConfigurationList;
			buildConfigurations = (
				11AE21342C018933008B10D4 /* Debug */,
				11AE21352C018933008B10D4 /* Release */,
			);
			defaultConfigurationIsVisible = 0;
			defaultConfigurationName = Release;
		};
		11AE21362C018933008B10D4 /* Build configuration list for PBXNativeTarget "shopliveTests" */ = {
			isa = XCConfigurationList;
			buildConfigurations = (
				11AE21372C018933008B10D4 /* Debug */,
				11AE21382C018933008B10D4 /* Release */,
			);
			defaultConfigurationIsVisible = 0;
			defaultConfigurationName = Release;
		};
		11AE21392C018933008B10D4 /* Build configuration list for PBXNativeTarget "shopliveUITests" */ = {
			isa = XCConfigurationList;
			buildConfigurations = (
				11AE213A2C018933008B10D4 /* Debug */,
				11AE213B2C018933008B10D4 /* Release */,
			);
			defaultConfigurationIsVisible = 0;
			defaultConfigurationName = Release;
		};
/* End XCConfigurationList section */

/* Begin XCRemoteSwiftPackageReference section */
		11AE21422C018E0E008B10D4 /* XCRemoteSwiftPackageReference "SnapKit" */ = {
			isa = XCRemoteSwiftPackageReference;
			repositoryURL = "https://github.com/SnapKit/SnapKit";
			requirement = {
				kind = upToNextMajorVersion;
				minimumVersion = 5.7.1;
			};
		};
/* End XCRemoteSwiftPackageReference section */

/* Begin XCSwiftPackageProductDependency section */
		11AE21432C018E0E008B10D4 /* SnapKit */ = {
			isa = XCSwiftPackageProductDependency;
			package = 11AE21422C018E0E008B10D4 /* XCRemoteSwiftPackageReference "SnapKit" */;
			productName = SnapKit;
		};
/* End XCSwiftPackageProductDependency section */
	};
	rootObject = 11AE21012C018931008B10D4 /* Project object */;
}
